<?xml version="1.0" encoding="utf-8"?>
<Project ToolsVersion="4.0" xmlns="http://schemas.microsoft.com/developer/msbuild/2003">
  <ItemGroup>
    <Filter Include="Source Files">
      <UniqueIdentifier>{4FC737F1-C7A5-4376-A066-2A32D752A2FF}</UniqueIdentifier>
      <Extensions>cpp;c;cc;cxx;def;odl;idl;hpj;bat;asm;asmx</Extensions>
    </Filter>
    <Filter Include="Header Files">
      <UniqueIdentifier>{93995380-89BD-4b04-88EB-625FBE52EBFB}</UniqueIdentifier>
      <Extensions>h;hpp;hxx;hm;inl;inc;xsd</Extensions>
    </Filter>
    <Filter Include="Resource Files">
      <UniqueIdentifier>{67DA6AB6-F800-4c08-8B7A-83BB121AAD01}</UniqueIdentifier>
      <Extensions>rc;ico;cur;bmp;dlg;rc2;rct;bin;rgs;gif;jpg;jpeg;jpe;resx;tiff;tif;png;wav;mfcribbon-ms</Extensions>
    </Filter>
  </ItemGroup>
  <ItemGroup>
    <ClCompile Include="..\QFUtil.cpp">
      <Filter>Source Files</Filter>
    </ClCompile>
    <ClCompile Include="..\CSV2Array.cpp">
      <Filter>Source Files</Filter>
    </ClCompile>
    <ClCompile Include="..\CSVconstructors.cpp">
      <Filter>Source Files</Filter>
    </ClCompile>
    <ClCompile Include="..\MCEngine.cpp">
      <Filter>Source Files</Filter>
    </ClCompile>
    <ClCompile Include="..\GaussianEconomy.cpp">
      <Filter>Source Files</Filter>
    </ClCompile>
    <ClCompile Include="..\GeometricBrownianMotion.cpp">
      <Filter>Source Files</Filter>
    </ClCompile>
    <ClCompile Include="..\GaussianHJM.cpp">
      <Filter>Source Files</Filter>
    </ClCompile>
    <ClCompile Include="..\QFQuasiRandom.cpp">
      <Filter>Source Files</Filter>
    </ClCompile>
    <ClCompile Include="..\BlackScholesAsset.cpp">
      <Filter>Source Files</Filter>
    </ClCompile>
    <ClCompile Include="..\TermStructure.cpp">
      <Filter>Source Files</Filter>
    </ClCompile>
    <ClCompile Include="..\LongstaffSchwartz.cpp">
      <Filter>Source Files</Filter>
    </ClCompile>
    <ClCompile Include="..\MExotics.cpp">
      <Filter>Source Files</Filter>
    </ClCompile>
    <ClCompile Include="..\MultivariateNormal.cpp">
      <Filter>Source Files</Filter>
    </ClCompile>
    <ClCompile Include="..\DeterministicVolMediator.cpp">
      <Filter>Source Files</Filter>
    </ClCompile>
    <ClCompile Include="..\ExponentialVol.cpp">
      <Filter>Source Files</Filter>
    </ClCompile>
    <ClCompile Include="..\MBinaryGaussianHJM.cpp">
      <Filter>Source Files</Filter>
    </ClCompile>
    <ClCompile Include="..\MBinary.cpp">
      <Filter>Source Files</Filter>
    </ClCompile>
    <ClCompile Include="..\InterfaceCLAPACK.cpp">
      <Filter>Source Files</Filter>
    </ClCompile>
    <ClCompile Include="..\InterfaceCubature.cpp">
      <Filter>Source Files</Filter>
    </ClCompile>
    <ClCompile Include="..\DeterministicCashflow.cpp">
      <Filter>Source Files</Filter>
    </ClCompile>
    <ClCompile Include="..\PiecewiseVol.cpp">
      <Filter>Source Files</Filter>
    </ClCompile>
    <ClCompile Include="..\DeterministicVol.cpp">
      <Filter>Source Files</Filter>
    </ClCompile>
    <ClCompile Include="..\Regression.cpp">
      <Filter>Source Files</Filter>
    </ClCompile>
    <ClCompile Include="..\Binomial.cpp">
      <Filter>Source Files</Filter>
    </ClCompile>
    <ClCompile Include="..\QFArrayUtil.cpp">
      <Filter>Source Files</Filter>
    </ClCompile>
    <ClCompile Include="..\Polynomial.cpp">
      <Filter>Source Files</Filter>
    </ClCompile>
    <ClCompile Include="..\MCGatherer.cpp">
      <Filter>Source Files</Filter>
    </ClCompile>
    <ClCompile Include="..\GaussianQuadrature.cpp">
      <Filter>Source Files</Filter>
    </ClCompile>
    <ClCompile Include="..\Payoff.cpp">
      <Filter>Source Files</Filter>
    </ClCompile>
    <ClCompile Include="..\TSBinomial.cpp">
      <Filter>Source Files</Filter>
    </ClCompile>
    <ClCompile Include="..\StringForm.cpp">
      <Filter>Source Files</Filter>
    </ClCompile>
    <ClCompile Include="..\TSInstruments.cpp">
      <Filter>Source Files</Filter>
    </ClCompile>
    <ClCompile Include="..\TSPayoff.cpp">
      <Filter>Source Files</Filter>
    </ClCompile>
    <ClCompile Include="..\..\Third party\cumnorm\utilities.cpp">
      <Filter>Source Files</Filter>
    </ClCompile>
    <ClCompile Include="..\..\Third party\cumnorm\cumnorm1.cpp">
      <Filter>Source Files</Filter>
    </ClCompile>
    <ClCompile Include="..\..\Third party\cumnorm\cumnorm2.cpp">
      <Filter>Source Files</Filter>
    </ClCompile>
    <ClCompile Include="..\..\Third party\cumnorm\cumnorm3.cpp">
      <Filter>Source Files</Filter>
    </ClCompile>
    <ClCompile Include="..\..\Third party\Cubature\cubature.c">
      <Filter>Source Files</Filter>
    </ClCompile>
    <ClCompile Include="..\FiniteDifference.cpp">
      <Filter>Source Files</Filter>
    </ClCompile>
    <ClCompile Include="..\GramCharlierAsset.cpp">
      <Filter>Source Files</Filter>
    </ClCompile>
    <ClCompile Include="..\GramCharlier.cpp">
      <Filter>Source Files</Filter>
    </ClCompile>
    <ClCompile Include="..\HestonAsset.cpp">
      <Filter>Source Files</Filter>
    </ClCompile>
    <ClCompile Include="..\rootfinder.cpp">
      <Filter>Source Files</Filter>
    </ClCompile>
  </ItemGroup>
</Project>